Microsoft Visual Studio Solution File, Format Version 12.00
# Visual Studio Version 17
VisualStudioVersion = 17.5.2.0
MinimumVisualStudioVersion = 10.0.40219.1
Project("{FAE04EC0-301F-11D3-BF4B-00C04F79EFBC}") = "GoldMonitor", "GoldMonitor.csproj", "{54616E39-D239-0EE3-CC55-A6611FC02183}"
EndProject
Global
	GlobalSection(SolutionConfigurationPlatforms) = preSolution
		Debug|Any CPU = Debug|Any CPU
		Release|Any CPU = Release|Any CPU
	EndGlobalSection
	GlobalSection(ProjectConfigurationPlatforms) = postSolution
		{54616E39-D239-0EE3-CC55-A6611FC02183}.Debug|Any CPU.ActiveCfg = Debug|Any CPU
		{54616E39-D239-0EE3-CC55-A6611FC02183}.Debug|Any CPU.Build.0 = Debug|Any CPU
		{54616E39-D239-0EE3-CC55-A6611FC02183}.Release|Any CPU.ActiveCfg = Release|Any CPU
		{54616E39-D239-0EE3-CC55-A6611FC02183}.Release|Any CPU.Build.0 = Release|Any CPU
	EndGlobalSection
	GlobalSection(SolutionProperties) = preSolution
		HideSolutionNode = FALSE
	EndGlobalSection
	GlobalSection(ExtensibilityGlobals) = postSolution
		SolutionGuid = {2ACA0C2C-5A1C-493A-A4D8-F0D996371E6A}
	EndGlobalSection
EndGlobal
